
Microsoft Visual Studio Solution File, Format Version 12.00
# Visual Studio Version 17
VisualStudioVersion = 17.0.32002.185
MinimumVisualStudioVersion = 10.0.40219.1
Project("{FAE04EC0-301F-11D3-BF4B-00C04F79EFBC}") = "Dinesh.SQLServerWrapperAddin", "SQLServerWrapper\Dinesh.SQLServerWrapperAddin.csproj", "{CF1F9FAA-6D36-4E5D-A6D2-E785B032D01A}"
EndProject
Global
	GlobalSection(SolutionConfigurationPlatforms) = preSolution
		Debug|Any CPU = Debug|Any CPU
		Release|Any CPU = Release|Any CPU
	EndGlobalSection
	GlobalSection(ProjectConfigurationPlatforms) = postSolution
		{CF1F9FAA-6D36-4E5D-A6D2-E785B032D01A}.Debug|Any CPU.ActiveCfg = Debug|Any CPU
		{CF1F9FAA-6D36-4E5D-A6D2-E785B032D01A}.Debug|Any CPU.Build.0 = Debug|Any CPU
		{CF1F9FAA-6D36-4E5D-A6D2-E785B032D01A}.Release|Any CPU.ActiveCfg = Release|Any CPU
		{CF1F9FAA-6D36-4E5D-A6D2-E785B032D01A}.Release|Any CPU.Build.0 = Release|Any CPU
	EndGlobalSection
	GlobalSection(SolutionProperties) = preSolution
		HideSolutionNode = FALSE
	EndGlobalSection
	GlobalSection(ExtensibilityGlobals) = postSolution
		SolutionGuid = {764B4E3A-1D04-473B-9081-AFA78410FA49}
	EndGlobalSection
EndGlobal
